# This file is autogenerated, do not edit; changes may be undone by the next 'dep ensure'.


[[projects]]
  name = "github.com/BurntSushi/toml"
  packages = ["."]
  revision = "b26d9c308763d68093482582cea63d69be07a0f0"
  version = "v0.3.0"

[[projects]]
  name = "github.com/Shaked/gomobiledetect"
  packages = ["."]
  revision = "0a3a6a10dadbf7d0ceed42834238ea0f8fb582ac"
  version = "1.2.0"

[[projects]]
  name = "github.com/asaskevich/govalidator"
  packages = ["."]
  revision = "521b25f4b05fd26bec69d9dedeb8f9c9a83939a8"
  version = "v8"

[[projects]]
  name = "github.com/cryptix/go"
  packages = ["goutils","logging"]
  revision = "c8ed48a26147d732aa261d3751677f61b038abaa"
  version = "v1"

[[projects]]
  name = "github.com/dgrijalva/jwt-go"
  packages = ["."]
  revision = "dbeaa9332f19a944acb5736b4456cfcc02140e29"
  version = "v3.1.0"

[[projects]]
  name = "github.com/disintegration/imaging"
  packages = ["."]
  revision = "dd50a3ee9985ccd313a2f03c398fcaedc96dc707"
  version = "v1.2.4"

[[projects]]
  name = "github.com/go-chi/chi"
  packages = ["."]
  revision = "f7c66f685bcab06bcce78ac212c5f3553c063d19"
  version = "v3.3.0"

[[projects]]
  name = "github.com/go-kit/kit"
  packages = ["log"]
  revision = "4dc7be5d2d12881735283bcab7352178e190fc71"
  version = "v0.6.0"

[[projects]]
  name = "github.com/go-logfmt/logfmt"
  packages = ["."]
  revision = "390ab7935ee28ec6b286364bba9b4dd6410cb3d5"
  version = "v0.3.0"

[[projects]]
  name = "github.com/go-stack/stack"
  packages = ["."]
  revision = "259ab82a6cad3992b4e21ff5cac294ccb06474bc"
  version = "v1.7.0"

[[projects]]
  branch = "master"
  name = "github.com/golang/protobuf"
  packages = ["proto"]
  revision = "1e59b77b52bf8e4b449a57e6f79f21226d571845"

[[projects]]
  branch = "master"
  name = "github.com/google/go-github"
  packages = ["github"]
  revision = "471e67c93cdd36a5f7c9bba5d6d11665ba12147d"

[[projects]]
  branch = "master"
  name = "github.com/google/go-querystring"
  packages = ["query"]
  revision = "53e6ce116135b80d037921a7fdd5138cf32d7a8a"

[[projects]]
  name = "github.com/gorilla/context"
  packages = ["."]
  revision = "1ea25387ff6f684839d82767c1733ff4d4d15d0a"
  version = "v1.1"

[[projects]]
  name = "github.com/gorilla/securecookie"
  packages = ["."]
  revision = "667fe4e3466a040b780561fe9b51a83a3753eefc"
  version = "v1.1"

[[projects]]
  name = "github.com/gorilla/sessions"
  packages = ["."]
  revision = "ca9ada44574153444b00d3fd9c8559e4cc95f896"
  version = "v1.1"

[[projects]]
  name = "github.com/gosimple/slug"
  packages = ["."]
  revision = "e9f42fa127660e552d0ad2b589868d403a9be7c6"
  version = "v1.1.1"

[[projects]]
  branch = "master"
  name = "github.com/jinzhu/configor"
  packages = ["."]
  revision = "6ecfe629230f24c2e92c7894c6ab21b83b757a39"

[[projects]]
  branch = "master"
  name = "github.com/jinzhu/copier"
  packages = ["."]
  revision = "db4671f3a9b8df855e993f7c94ec5ef1ffb0a23b"

[[projects]]
  branch = "master"
  name = "github.com/jinzhu/gorm"
  packages = [".","dialects/sqlite"]
  revision = "0a51f6cdc55d1650d9ed3b4c13026cfa9133b01e"

[[projects]]
  branch = "master"
  name = "github.com/jinzhu/inflection"
  packages = ["."]
  revision = "1c35d901db3da928c72a72d8458480cc9ade058f"

[[projects]]
  branch = "master"
  name = "github.com/jinzhu/now"
  packages = ["."]
  revision = "d939ba741945c047cac69c329c5fb0d6b4a06520"

[[projects]]
  branch = "master"
  name = "github.com/jteeuwen/go-bindata"
  packages = ["."]
  revision = "a0ff2567cfb70903282db057e799fd826784d41d"

[[projects]]
  branch = "master"
  name = "github.com/kr/logfmt"
  packages = ["."]
  revision = "b84e30acd515aadc4b783ad4ff83aff3299bdfe0"

[[projects]]
  branch = "master"
  name = "github.com/kr/pretty"
  packages = ["."]
  revision = "cfb55aafdaf3ec08f0db22699ab822c50091b1c4"

[[projects]]
  branch = "master"
  name = "github.com/kr/text"
  packages = ["."]
  revision = "7cafcd837844e784b526369c9bce262804aebc60"

[[projects]]
  name = "github.com/mattn/go-sqlite3"
  packages = ["."]
  revision = "ed69081a91fd053f17672236b0dd52ba7485e1a3"
  version = "v1.4.0"

[[projects]]
  branch = "master"
  name = "github.com/microcosm-cc/bluemonday"
  packages = ["."]
  revision = "68fecaef60268522d2ac3f0123cec9d3bcab7b6e"

[[projects]]
  branch = "master"
  name = "github.com/mrjones/oauth"
  packages = ["."]
  revision = "3f67d9c274355678b2f9844b08d643e2f9213340"

[[projects]]
  name = "github.com/pkg/errors"
  packages = ["."]
  revision = "645ef00459ed84a119197bfb8d8205042c6df63d"
  version = "v0.8.0"

[[projects]]
  branch = "master"
  name = "github.com/qor/action_bar"
  packages = ["."]
  revision = "e1b463078c284c499c35b600e7239ddb40e90d86"

[[projects]]
  branch = "master"
  name = "github.com/qor/activity"
  packages = ["."]
  revision = "06b5e02b7fa92664750be4526644080806febfd4"

[[projects]]
  branch = "master"
  name = "github.com/qor/admin"
  packages = ["."]
  revision = "b30fe929dc97704f924d4d3bf0b9df5785fd8de9"

[[projects]]
  branch = "master"
  name = "github.com/qor/assetfs"
  packages = ["."]
  revision = "ff57fdc13a148d39c3e930cb27c7eaf82e376891"

[[projects]]
  branch = "master"
  name = "github.com/qor/audited"
  packages = ["."]
  revision = "b7dc1e8737980ab1a3dd41851a764a983f247960"

[[projects]]
  branch = "master"
  name = "github.com/qor/auth"
  packages = [".","auth_identity","authority","claims","providers/github","providers/password","providers/password/encryptor","providers/password/encryptor/bcrypt_encryptor","providers/twitter"]
  revision = "d0a475c04fd9ead5301ed7de9cc65776f58a4c87"

[[projects]]
  branch = "master"
  name = "github.com/qor/auth_themes"
  packages = ["clean"]
  revision = "b4bb5e1578e55997e8c13a415405857b9c984fed"

[[projects]]
  branch = "master"
  name = "github.com/qor/banner_editor"
  packages = ["."]
  revision = "b7b2bb0eefb66eadc8f3284c8ddae489bde4dfae"

[[projects]]
  branch = "master"
  name = "github.com/qor/cache"
  packages = [".","memory"]
  revision = "c9d48d1f13ba2e1ad06a3f8d55be7ea3edf2d0c4"

[[projects]]
  branch = "master"
  name = "github.com/qor/exchange"
  packages = [".","backends/csv"]
  revision = "4f1c9235df4b6842b0231d58e9afe94538b91dbd"

[[projects]]
  branch = "master"
  name = "github.com/qor/filebox"
  packages = ["."]
  revision = "e1210ba127af94fd8babd644550e322a4ff3fa02"

[[projects]]
  branch = "master"
  name = "github.com/qor/help"
  packages = ["."]
  revision = "202965d1156a683314b57d4c365de65da479be90"

[[projects]]
  branch = "master"
  name = "github.com/qor/i18n"
  packages = [".","backends/database","backends/yaml","exchange_actions","inline_edit"]
  revision = "07ca0134e3fd5f7a20d35e884bf16f27faeee072"

[[projects]]
  branch = "master"
  name = "github.com/qor/l10n"
  packages = ["."]
  revision = "f4a4ff00f7ca8b8dcfae13fac05e1cb2f45857ad"

[[projects]]
  branch = "master"
  name = "github.com/qor/location"
  packages = ["."]
  revision = "727f428bb7ea3cc7b7abf795faed6de9ae97d562"

[[projects]]
  branch = "master"
  name = "github.com/qor/mailer"
  packages = [".","logger"]
  revision = "1e6ac71069556a146390b35dea415dc1c383f430"

[[projects]]
  branch = "master"
  name = "github.com/qor/media"
  packages = [".","asset_manager","media_library","oss"]
  revision = "3f2411215fc91532c6eb2efe90f541aba8ca11f3"

[[projects]]
  branch = "master"
  name = "github.com/qor/middlewares"
  packages = ["."]
  revision = "781378b69454a545d08058d8154aca40d079e7ab"

[[projects]]
  branch = "master"
  name = "github.com/qor/notification"
  packages = [".","channels/database"]
  revision = "2a71c942089c403f7dfbd9ae602d5f8f89cd364d"

[[projects]]
  branch = "master"
  name = "github.com/qor/oss"
  packages = [".","filesystem"]
  revision = "33e875e95e7c325c7d13514ecf98850eedc563fe"

[[projects]]
  branch = "master"
  name = "github.com/qor/page_builder"
  packages = ["."]
  revision = "f5b0e39b103aa020ca2b626f4b3f80f7b8898bf4"

[[projects]]
  branch = "master"
  name = "github.com/qor/publish"
  packages = ["."]
  revision = "36587c0844c8828339e5bb3cbf9d0b22bce3652b"

[[projects]]
  branch = "master"
  name = "github.com/qor/publish2"
  packages = ["."]
  revision = "b64a23f3f4169f5095bf5ecbe673984786cf3bf8"

[[projects]]
  branch = "master"
  name = "github.com/qor/qor"
  packages = [".","resource","utils"]
  revision = "1db70d420169efbde41b768ca8a4d24ec2162ac1"

[[projects]]
  branch = "master"
  name = "github.com/qor/redirect_back"
  packages = ["."]
  revision = "b4161ed6f84819fb3a2d13d5c9e6872ef76d8128"

[[projects]]
  name = "github.com/qor/render"
  packages = ["."]
  revision = "4ac7863d72e79bbdc072e691df1f18c377604365"
  source = "github.com/cryptix/qor_render"
  version = "v1.1"

[[projects]]
  branch = "master"
  name = "github.com/qor/responder"
  packages = ["."]
  revision = "b6def473574f621fee316696ad120d4fbf470826"

[[projects]]
  branch = "master"
  name = "github.com/qor/roles"
  packages = ["."]
  revision = "26aadfb40f2ecc280f29c6568caf76901b224322"

[[projects]]
  branch = "master"
  name = "github.com/qor/serializable_meta"
  packages = ["."]
  revision = "b432456ad58b075008d8b5633e16bd796926b5f4"

[[projects]]
  branch = "master"
  name = "github.com/qor/session"
  packages = [".","gorilla","manager"]
  revision = "8206b0adab706a6ef3ee6fabba2584d34429a26a"

[[projects]]
  branch = "master"
  name = "github.com/qor/slug"
  packages = ["."]
  revision = "545ed2e364522495bbeec88c2afd7a378b59084d"

[[projects]]
  branch = "master"
  name = "github.com/qor/sorting"
  packages = ["."]
  revision = "6340c42f7ccf0005b5f2dd1af0990885436d0e6a"

[[projects]]
  branch = "master"
  name = "github.com/qor/transition"
  packages = ["."]
  revision = "4015a3eee19c49a63b1d22beab1c0c084e72c53b"

[[projects]]
  branch = "master"
  name = "github.com/qor/validations"
  packages = ["."]
  revision = "404d5a9c34adc6f6a3a7b6c82faa15337e1fdd00"

[[projects]]
  branch = "master"
  name = "github.com/qor/widget"
  packages = ["."]
  revision = "0a01d79b1db33db489843dd1d18f5a81f855d292"

[[projects]]
  branch = "master"
  name = "github.com/qor/wildcard_router"
  packages = ["."]
  revision = "56710e5bb5a4958921245cc7cbe25208f91465c1"

[[projects]]
  branch = "master"
  name = "github.com/qor/worker"
  packages = ["."]
  revision = "02469c87080f303b5b271708368349f54cfe77a6"

[[projects]]
  branch = "master"
  name = "github.com/rainycape/unidecode"
  packages = ["."]
  revision = "cb7f23ec59bec0d61b19c56cd88cee3d0cc1870c"

[[projects]]
  branch = "master"
  name = "github.com/theplant/cldr"
  packages = ["."]
  revision = "b97a4c2a76cf8ba21d1cb8ed2f4c8ee103371e2d"

[[projects]]
  branch = "master"
  name = "go4.org"
  packages = ["reflectutil","sort"]
  revision = "034d17a462f7b2dcd1a4a73553ec5357ff6e6c6e"

[[projects]]
  branch = "master"
  name = "golang.org/x/crypto"
  packages = ["bcrypt","blowfish"]
  revision = "9f005a07e0d31d45e6656d241bb5c0f2efd4bc94"

[[projects]]
  branch = "master"
  name = "golang.org/x/image"
  packages = ["bmp","tiff","tiff/lzw"]
  revision = "f7e31b4ea2e3413ab91b4e7d2dc83e5f8d19a44c"

[[projects]]
  branch = "master"
  name = "golang.org/x/net"
  packages = ["context","context/ctxhttp","html","html/atom"]
  revision = "9dfe39835686865bff950a07b394c12a98ddc811"

[[projects]]
  branch = "master"
  name = "golang.org/x/oauth2"
  packages = [".","internal"]
  revision = "9ff8ebcc8e241d46f52ecc5bff0e5a2f2dbef402"

[[projects]]
  branch = "master"
  name = "golang.org/x/text"
  packages = ["internal/gen","unicode/cldr"]
  revision = "88f656faf3f37f690df1a32515b479415e1a6769"

[[projects]]
  name = "google.golang.org/appengine"
  packages = ["internal","internal/base","internal/datastore","internal/log","internal/remote_api","internal/urlfetch","urlfetch"]
  revision = "150dc57a1b433e64154302bdc40b6bb8aefa313a"
  version = "v1.0.0"

[[projects]]
  branch = "v3"
  name = "gopkg.in/alexcesaro/quotedprintable.v3"
  packages = ["."]
  revision = "2caba252f4dc53eaf6b553000885530023f54623"

[[projects]]
  name = "gopkg.in/gomail.v2"
  packages = ["."]
  revision = "41f3572897373c5538c50a2402db15db079fa4fd"
  version = "2.0.0"

[[projects]]
  branch = "v2"
  name = "gopkg.in/yaml.v2"
  packages = ["."]
  revision = "287cf08546ab5e7e37d55a84f7ed3fd1db036de5"

[solve-meta]
  analyzer-name = "dep"
  analyzer-version = 1
  inputs-digest = "f38faa99120d18fd0c9da3a22316f69ed95cfa52adec54194be0a38124ee5eae"
  solver-name = "gps-cdcl"
  solver-version = 1
